// !$*UTF8*$!
{
	archiveVersion = 1;
	classes = {
	};
	objectVersion = 46;
	objects = {

/* Begin PBXBuildFile section */
		14BC23171B8EFC3000EC2AED /* AppDelegate.swift in Sources */ = {isa = PBXBuildFile; fileRef = 14BC23161B8EFC3000EC2AED /* AppDelegate.swift */; };
		14BC23191B8EFC3000EC2AED /* ViewController.swift in Sources */ = {isa = PBXBuildFile; fileRef = 14BC23181B8EFC3000EC2AED /* ViewController.swift */; };
		14BC231C1B8EFC3000EC2AED /* Main.storyboard in Resources */ = {isa = PBXBuildFile; fileRef = 14BC231A1B8EFC3000EC2AED /* Main.storyboard */; };
		14BC231E1B8EFC3000EC2AED /* Assets.xcassets in Resources */ = {isa = PBXBuildFile; fileRef = 14BC231D1B8EFC3000EC2AED /* Assets.xcassets */; };
		14BC23211B8EFC3000EC2AED /* LaunchScreen.storyboard in Resources */ = {isa = PBXBuildFile; fileRef = 14BC231F1B8EFC3000EC2AED /* LaunchScreen.storyboard */; };
		14BC232A1B8EFC5500EC2AED /* AlecrimAsyncKit.framework in Frameworks */ = {isa = PBXBuildFile; fileRef = 14BC23281B8EFC5100EC2AED /* AlecrimAsyncKit.framework */; };
		14BC232B1B8EFC5500EC2AED /* AlecrimAsyncKit.framework in Embed Frameworks */ = {isa = PBXBuildFile; fileRef = 14BC23281B8EFC5100EC2AED /* AlecrimAsyncKit.framework */; settings = {ATTRIBUTES = (CodeSignOnCopy, RemoveHeadersOnCopy, ); }; };
/* End PBXBuildFile section */

/* Begin PBXCopyFilesBuildPhase section */
		14BC232C1B8EFC5500EC2AED /* Embed Frameworks */ = {
			isa = PBXCopyFilesBuildPhase;
			buildActionMask = 2147483647;
			dstPath = "";
			dstSubfolderSpec = 10;
			files = (
				14BC232B1B8EFC5500EC2AED /* AlecrimAsyncKit.framework in Embed Frameworks */,
			);
			name = "Embed Frameworks";
			runOnlyForDeploymentPostprocessing = 0;
		};
/* End PBXCopyFilesBuildPhase section */

/* Begin PBXFileReference section */
		14BC23131B8EFC3000EC2AED /* AlecrimAsyncKitExampleiOS.app */ = {isa = PBXFileReference; explicitFileType = wrapper.application; includeInIndex = 0; path = AlecrimAsyncKitExampleiOS.app; sourceTree = BUILT_PRODUCTS_DIR; };
		14BC23161B8EFC3000EC2AED /* AppDelegate.swift */ = {isa = PBXFileReference; lastKnownFileType = sourcecode.swift; path = AppDelegate.swift; sourceTree = "<group>"; };
		14BC23181B8EFC3000EC2AED /* ViewController.swift */ = {isa = PBXFileReference; lastKnownFileType = sourcecode.swift; path = ViewController.swift; sourceTree = "<group>"; };
		14BC231B1B8EFC3000EC2AED /* Base */ = {isa = PBXFileReference; lastKnownFileType = file.storyboard; name = Base; path = Base.lproj/Main.storyboard; sourceTree = "<group>"; };
		14BC231D1B8EFC3000EC2AED /* Assets.xcassets */ = {isa = PBXFileReference; lastKnownFileType = folder.assetcatalog; path = Assets.xcassets; sourceTree = "<group>"; };
		14BC23201B8EFC3000EC2AED /* Base */ = {isa = PBXFileReference; lastKnownFileType = file.storyboard; name = Base; path = Base.lproj/LaunchScreen.storyboard; sourceTree = "<group>"; };
		14BC23221B8EFC3000EC2AED /* Info.plist */ = {isa = PBXFileReference; lastKnownFileType = text.plist.xml; path = Info.plist; sourceTree = "<group>"; };
		14BC23281B8EFC5100EC2AED /* AlecrimAsyncKit.framework */ = {isa = PBXFileReference; lastKnownFileType = wrapper.framework; path = AlecrimAsyncKit.framework; sourceTree = BUILT_PRODUCTS_DIR; };
/* End PBXFileReference section */

/* Begin PBXFrameworksBuildPhase section */
		14BC23101B8EFC3000EC2AED /* Frameworks */ = {
			isa = PBXFrameworksBuildPhase;
			buildActionMask = 2147483647;
			files = (
				14BC232A1B8EFC5500EC2AED /* AlecrimAsyncKit.framework in Frameworks */,
			);
			runOnlyForDeploymentPostprocessing = 0;
		};
/* End PBXFrameworksBuildPhase section */

/* Begin PBXGroup section */
		14BC230A1B8EFC3000EC2AED = {
			isa = PBXGroup;
			children = (
				14BC23151B8EFC3000EC2AED /* AlecrimAsyncKitExampleiOS */,
				14BC232D1B8EFC5C00EC2AED /* Frameworks */,
				14BC23141B8EFC3000EC2AED /* Products */,
			);
			sourceTree = "<group>";
		};
		14BC23141B8EFC3000EC2AED /* Products */ = {
			isa = PBXGroup;
			children = (
				14BC23131B8EFC3000EC2AED /* AlecrimAsyncKitExampleiOS.app */,
			);
			name = Products;
			sourceTree = "<group>";
		};
		14BC23151B8EFC3000EC2AED /* AlecrimAsyncKitExampleiOS */ = {
			isa = PBXGroup;
			children = (
				14BC23161B8EFC3000EC2AED /* AppDelegate.swift */,
				14BC23181B8EFC3000EC2AED /* ViewController.swift */,
				14BC231A1B8EFC3000EC2AED /* Main.storyboard */,
				14BC231D1B8EFC3000EC2AED /* Assets.xcassets */,
				14BC231F1B8EFC3000EC2AED /* LaunchScreen.storyboard */,
				14BC23221B8EFC3000EC2AED /* Info.plist */,
			);
			path = AlecrimAsyncKitExampleiOS;
			sourceTree = "<group>";
		};
		14BC232D1B8EFC5C00EC2AED /* Frameworks */ = {
			isa = PBXGroup;
			children = (
				14BC23281B8EFC5100EC2AED /* AlecrimAsyncKit.framework */,
			);
			name = Frameworks;
			sourceTree = "<group>";
		};
/* End PBXGroup section */

/* Begin PBXNativeTarget section */
		14BC23121B8EFC3000EC2AED /* AlecrimAsyncKitExampleiOS */ = {
			isa = PBXNativeTarget;
			buildConfigurationList = 14BC23251B8EFC3000EC2AED /* Build configuration list for PBXNativeTarget "AlecrimAsyncKitExampleiOS" */;
			buildPhases = (
				14BC230F1B8EFC3000EC2AED /* Sources */,
				14BC23101B8EFC3000EC2AED /* Frameworks */,
				14BC23111B8EFC3000EC2AED /* Resources */,
				14BC232C1B8EFC5500EC2AED /* Embed Frameworks */,
			);
			buildRules = (
			);
			dependencies = (
			);
			name = AlecrimAsyncKitExampleiOS;
			productName = AlecrimAsyncKitExampleiOS;
			productReference = 14BC23131B8EFC3000EC2AED /* AlecrimAsyncKitExampleiOS.app */;
			productType = "com.apple.product-type.application";
		};
/* End PBXNativeTarget section */

/* Begin PBXProject section */
		14BC230B1B8EFC3000EC2AED /* Project object */ = {
			isa = PBXProject;
			attributes = {
				LastUpgradeCheck = 0700;
				ORGANIZATIONNAME = Alecrim;
				TargetAttributes = {
					14BC23121B8EFC3000EC2AED = {
						CreatedOnToolsVersion = 7.0;
						LastSwiftMigration = 0800;
					};
				};
			};
			buildConfigurationList = 14BC230E1B8EFC3000EC2AED /* Build configuration list for PBXProject "AlecrimAsyncKitExampleiOS" */;
			compatibilityVersion = "Xcode 3.2";
			developmentRegion = English;
			hasScannedForEncodings = 0;
			knownRegions = (
				en,
				Base,
			);
			mainGroup = 14BC230A1B8EFC3000EC2AED;
			productRefGroup = 14BC23141B8EFC3000EC2AED /* Products */;
			projectDirPath = "";
			projectRoot = "";
			targets = (
				14BC23121B8EFC3000EC2AED /* AlecrimAsyncKitExampleiOS */,
			);
		};
/* End PBXProject section */

/* Begin PBXResourcesBuildPhase section */
		14BC23111B8EFC3000EC2AED /* Resources */ = {
			isa = PBXResourcesBuildPhase;
			buildActionMask = 2147483647;
			files = (
				14BC23211B8EFC3000EC2AED /* LaunchScreen.storyboard in Resources */,
				14BC231E1B8EFC3000EC2AED /* Assets.xcassets in Resources */,
				14BC231C1B8EFC3000EC2AED /* Main.storyboard in Resources */,
			);
			runOnlyForDeploymentPostprocessing = 0;
		};
/* End PBXResourcesBuildPhase section */

/* Begin PBXSourcesBuildPhase section */
		14BC230F1B8EFC3000EC2AED /* Sources */ = {
			isa = PBXSourcesBuildPhase;
			buildActionMask = 2147483647;
			files = (
				14BC23191B8EFC3000EC2AED /* ViewController.swift in Sources */,
				14BC23171B8EFC3000EC2AED /* AppDelegate.swift in Sources */,
			);
			runOnlyForDeploymentPostprocessing = 0;
		};
/* End PBXSourcesBuildPhase section */

/* Begin PBXVariantGroup section */
		14BC231A1B8EFC3000EC2AED /* Main.storyboard */ = {
			isa = PBXVariantGroup;
			children = (
				14BC231B1B8EFC3000EC2AED /* Base */,
			);
			name = Main.storyboard;
			sourceTree = "<group>";
		};
		14BC231F1B8EFC3000EC2AED /* LaunchScreen.storyboard */ = {
			isa = PBXVariantGroup;
			children = (
				14BC23201B8EFC3000EC2AED /* Base */,
			);
			name = LaunchScreen.storyboard;
			sourceTree = "<group>";
		};
/* End PBXVariantGroup section */

/* Begin XCBuildConfiguration section */
		14BC23231B8EFC3000EC2AED /* Debug */ = {
			isa = XCBuildConfiguration;
			buildSettings = {
				ALWAYS_SEARCH_USER_PATHS = NO;
				CLANG_CXX_LANGUAGE_STANDARD = "gnu++0x";
				CLANG_CXX_LIBRARY = "libc++";
				CLANG_ENABLE_MODULES = YES;
				CLANG_ENABLE_OBJC_ARC = YES;
				CLANG_WARN_BOOL_CONVERSION = YES;
				CLANG_WARN_CONSTANT_CONVERSION = YES;
				CLANG_WARN_DIRECT_OBJC_ISA_USAGE = YES_ERROR;
				CLANG_WARN_EMPTY_BODY = YES;
				CLANG_WARN_ENUM_CONVERSION = YES;
				CLANG_WARN_INT_CONVERSION = YES;
				CLANG_WARN_OBJC_ROOT_CLASS = YES_ERROR;
				CLANG_WARN_UNREACHABLE_CODE = YES;
				CLANG_WARN__DUPLICATE_METHOD_MATCH = YES;
				"CODE_SIGN_IDENTITY[sdk=iphoneos*]" = "iPhone Developer";
				COPY_PHASE_STRIP = NO;
				DEBUG_INFORMATION_FORMAT = dwarf;
				ENABLE_STRICT_OBJC_MSGSEND = YES;
				ENABLE_TESTABILITY = YES;
				GCC_C_LANGUAGE_STANDARD = gnu99;
				GCC_DYNAMIC_NO_PIC = NO;
				GCC_NO_COMMON_BLOCKS = YES;
				GCC_OPTIMIZATION_LEVEL = 0;
				GCC_PREPROCESSOR_DEFINITIONS = (
					"DEBUG=1",
					"$(inherited)",
				);
				GCC_WARN_64_TO_32_BIT_CONVERSION = YES;
				GCC_WARN_ABOUT_RETURN_TYPE = YES_ERROR;
				GCC_WARN_UNDECLARED_SELECTOR = YES;
				GCC_WARN_UNINITIALIZED_AUTOS = YES_AGGRESSIVE;
				GCC_WARN_UNUSED_FUNCTION = YES;
				GCC_WARN_UNUSED_VARIABLE = YES;
				IPHONEOS_DEPLOYMENT_TARGET = 9.0;
				MTL_ENABLE_DEBUG_INFO = YES;
				ONLY_ACTIVE_ARCH = YES;
				SDKROOT = iphoneos;
				SWIFT_OPTIMIZATION_LEVEL = "-Onone";
				TARGETED_DEVICE_FAMILY = "1,2";
			};
			name = Debug;
		};
		14BC23241B8EFC3000EC2AED /* Release */ = {
			isa = XCBuildConfiguration;
			buildSettings = {
				ALWAYS_SEARCH_USER_PATHS = NO;
				CLANG_CXX_LANGUAGE_STANDARD = "gnu++0x";
				CLANG_CXX_LIBRARY = "libc++";
				CLANG_ENABLE_MODULES = YES;
				CLANG_ENABLE_OBJC_ARC = YES;
				CLANG_WARN_BOOL_CONVERSION = YES;
				CLANG_WARN_CONSTANT_CONVERSION = YES;
				CLANG_WARN_DIRECT_OBJC_ISA_USAGE = YES_ERROR;
				CLANG_WARN_EMPTY_BODY = YES;
				CLANG_WARN_ENUM_CONVERSION = YES;
				CLANG_WARN_INT_CONVERSION = YES;
				CLANG_WARN_OBJC_ROOT_CLASS = YES_ERROR;
				CLANG_WARN_UNREACHABLE_CODE = YES;
				CLANG_WARN__DUPLICATE_METHOD_MATCH = YES;
				"CODE_SIGN_IDENTITY[sdk=iphoneos*]" = "iPhone Developer";
				COPY_PHASE_STRIP = NO;
				DEBUG_INFORMATION_FORMAT = "dwarf-with-dsym";
				ENABLE_NS_ASSERTIONS = NO;
				ENABLE_STRICT_OBJC_MSGSEND = YES;
				GCC_C_LANGUAGE_STANDARD = gnu99;
				GCC_NO_COMMON_BLOCKS = YES;
				GCC_WARN_64_TO_32_BIT_CONVERSION = YES;
				GCC_WARN_ABOUT_RETURN_TYPE = YES_ERROR;
				GCC_WARN_UNDECLARED_SELECTOR = YES;
				GCC_WARN_UNINITIALIZED_AUTOS = YES_AGGRESSIVE;
				GCC_WARN_UNUSED_FUNCTION = YES;
				GCC_WARN_UNUSED_VARIABLE = YES;
				IPHONEOS_DEPLOYMENT_TARGET = 9.0;
				MTL_ENABLE_DEBUG_INFO = NO;
				SDKROOT = iphoneos;
				TARGETED_DEVICE_FAMILY = "1,2";
				VALIDATE_PRODUCT = YES;
			};
			name = Release;
		};
		14BC23261B8EFC3000EC2AED /* Debug */ = {
			isa = XCBuildConfiguration;
			buildSettings = {
				ASSETCATALOG_COMPILER_APPICON_NAME = AppIcon;
				INFOPLIST_FILE = AlecrimAsyncKitExampleiOS/Info.plist;
				LD_RUNPATH_SEARCH_PATHS = "$(inherited) @executable_path/Frameworks";
				PRODUCT_BUNDLE_IDENTIFIER = com.alecrim.AlecrimAsyncKitExampleiOS;
				PRODUCT_NAME = "$(TARGET_NAME)";
				SWIFT_VERSION = 2.3;
			};
			name = Debug;
		};
		14BC23271B8EFC3000EC2AED /* Release */ = {
			isa = XCBuildConfiguration;
			buildSettings = {
				ASSETCATALOG_COMPILER_APPICON_NAME = AppIcon;
				INFOPLIST_FILE = AlecrimAsyncKitExampleiOS/Info.plist;
				LD_RUNPATH_SEARCH_PATHS = "$(inherited) @executable_path/Frameworks";
				PRODUCT_BUNDLE_IDENTIFIER = com.alecrim.AlecrimAsyncKitExampleiOS;
				PRODUCT_NAME = "$(TARGET_NAME)";
				SWIFT_VERSION = 2.3;
			};
			name = Release;
		};
/* End XCBuildConfiguration section */

/* Begin XCConfigurationList section */
		14BC230E1B8EFC3000EC2AED /* Build configuration list for PBXProject "AlecrimAsyncKitExampleiOS" */ = {
			isa = XCConfigurationList;
			buildConfigurations = (
				14BC23231B8EFC3000EC2AED /* Debug */,
				14BC23241B8EFC3000EC2AED /* Release */,
			);
			defaultConfigurationIsVisible = 0;
			defaultConfigurationName = Release;
		};
		14BC23251B8EFC3000EC2AED /* Build configuration list for PBXNativeTarget "AlecrimAsyncKitExampleiOS" */ = {
			isa = XCConfigurationList;
			buildConfigurations = (
				14BC23261B8EFC3000EC2AED /* Debug */,
				14BC23271B8EFC3000EC2AED /* Release */,
			);
			defaultConfigurationIsVisible = 0;
			defaultConfigurationName = Release;
		};
/* End XCConfigurationList section */
	};
	rootObject = 14BC230B1B8EFC3000EC2AED /* Project object */;
}
